
Microsoft Visual Studio Solution File, Format Version 12.00
# Visual Studio Version 17
VisualStudioVersion = 17.0.31903.59
MinimumVisualStudioVersion = 10.0.40219.1
Project("{FAE04EC0-301F-11D3-BF4B-00C04F79EFBC}") = "task07", "task07\task07.csproj", "{31DF79A3-9393-4A00-A1C3-D488D941F149}"
EndProject
Project("{FAE04EC0-301F-11D3-BF4B-00C04F79EFBC}") = "task07tests", "task07tests\task07tests.csproj", "{0CA4F92B-81D7-4617-A095-5E90FE2B90A9}"
EndProject
Project("{FAE04EC0-301F-11D3-BF4B-00C04F79EFBC}") = "MetadataViewer", "MetadataViewer\MetadataViewer.csproj", "{0534BADA-D9C2-4626-8448-AD0B5A308925}"
EndProject
Project("{FAE04EC0-301F-11D3-BF4B-00C04F79EFBC}") = "task10", "task10\task10.csproj", "{89129013-3B66-41DC-B2D2-8F2D5C03E96C}"
EndProject
Project("{FAE04EC0-301F-11D3-BF4B-00C04F79EFBC}") = "task10tests", "task10tests\task10tests.csproj", "{2BADD136-4E06-45FE-9857-46487FDEB601}"
EndProject
Global
	GlobalSection(SolutionConfigurationPlatforms) = preSolution
		Debug|Any CPU = Debug|Any CPU
		Debug|x64 = Debug|x64
		Debug|x86 = Debug|x86
		Release|Any CPU = Release|Any CPU
		Release|x64 = Release|x64
		Release|x86 = Release|x86
	EndGlobalSection
	GlobalSection(ProjectConfigurationPlatforms) = postSolution
		{31DF79A3-9393-4A00-A1C3-D488D941F149}.Debug|Any CPU.ActiveCfg = Debug|Any CPU
		{31DF79A3-9393-4A00-A1C3-D488D941F149}.Debug|Any CPU.Build.0 = Debug|Any CPU
		{31DF79A3-9393-4A00-A1C3-D488D941F149}.Debug|x64.ActiveCfg = Debug|Any CPU
		{31DF79A3-9393-4A00-A1C3-D488D941F149}.Debug|x64.Build.0 = Debug|Any CPU
		{31DF79A3-9393-4A00-A1C3-D488D941F149}.Debug|x86.ActiveCfg = Debug|Any CPU
		{31DF79A3-9393-4A00-A1C3-D488D941F149}.Debug|x86.Build.0 = Debug|Any CPU
		{31DF79A3-9393-4A00-A1C3-D488D941F149}.Release|Any CPU.ActiveCfg = Release|Any CPU
		{31DF79A3-9393-4A00-A1C3-D488D941F149}.Release|Any CPU.Build.0 = Release|Any CPU
		{31DF79A3-9393-4A00-A1C3-D488D941F149}.Release|x64.ActiveCfg = Release|Any CPU
		{31DF79A3-9393-4A00-A1C3-D488D941F149}.Release|x64.Build.0 = Release|Any CPU
		{31DF79A3-9393-4A00-A1C3-D488D941F149}.Release|x86.ActiveCfg = Release|Any CPU
		{31DF79A3-9393-4A00-A1C3-D488D941F149}.Release|x86.Build.0 = Release|Any CPU
		{0CA4F92B-81D7-4617-A095-5E90FE2B90A9}.Debug|Any CPU.ActiveCfg = Debug|Any CPU
		{0CA4F92B-81D7-4617-A095-5E90FE2B90A9}.Debug|Any CPU.Build.0 = Debug|Any CPU
		{0CA4F92B-81D7-4617-A095-5E90FE2B90A9}.Debug|x64.ActiveCfg = Debug|Any CPU
		{0CA4F92B-81D7-4617-A095-5E90FE2B90A9}.Debug|x64.Build.0 = Debug|Any CPU
		{0CA4F92B-81D7-4617-A095-5E90FE2B90A9}.Debug|x86.ActiveCfg = Debug|Any CPU
		{0CA4F92B-81D7-4617-A095-5E90FE2B90A9}.Debug|x86.Build.0 = Debug|Any CPU
		{0CA4F92B-81D7-4617-A095-5E90FE2B90A9}.Release|Any CPU.ActiveCfg = Release|Any CPU
		{0CA4F92B-81D7-4617-A095-5E90FE2B90A9}.Release|Any CPU.Build.0 = Release|Any CPU
		{0CA4F92B-81D7-4617-A095-5E90FE2B90A9}.Release|x64.ActiveCfg = Release|Any CPU
		{0CA4F92B-81D7-4617-A095-5E90FE2B90A9}.Release|x64.Build.0 = Release|Any CPU
		{0CA4F92B-81D7-4617-A095-5E90FE2B90A9}.Release|x86.ActiveCfg = Release|Any CPU
		{0CA4F92B-81D7-4617-A095-5E90FE2B90A9}.Release|x86.Build.0 = Release|Any CPU
		{0534BADA-D9C2-4626-8448-AD0B5A308925}.Debug|Any CPU.ActiveCfg = Debug|Any CPU
		{0534BADA-D9C2-4626-8448-AD0B5A308925}.Debug|Any CPU.Build.0 = Debug|Any CPU
		{0534BADA-D9C2-4626-8448-AD0B5A308925}.Debug|x64.ActiveCfg = Debug|Any CPU
		{0534BADA-D9C2-4626-8448-AD0B5A308925}.Debug|x64.Build.0 = Debug|Any CPU
		{0534BADA-D9C2-4626-8448-AD0B5A308925}.Debug|x86.ActiveCfg = Debug|Any CPU
		{0534BADA-D9C2-4626-8448-AD0B5A308925}.Debug|x86.Build.0 = Debug|Any CPU
		{0534BADA-D9C2-4626-8448-AD0B5A308925}.Release|Any CPU.ActiveCfg = Release|Any CPU
		{0534BADA-D9C2-4626-8448-AD0B5A308925}.Release|Any CPU.Build.0 = Release|Any CPU
		{0534BADA-D9C2-4626-8448-AD0B5A308925}.Release|x64.ActiveCfg = Release|Any CPU
		{0534BADA-D9C2-4626-8448-AD0B5A308925}.Release|x64.Build.0 = Release|Any CPU
		{0534BADA-D9C2-4626-8448-AD0B5A308925}.Release|x86.ActiveCfg = Release|Any CPU
		{0534BADA-D9C2-4626-8448-AD0B5A308925}.Release|x86.Build.0 = Release|Any CPU
		{89129013-3B66-41DC-B2D2-8F2D5C03E96C}.Debug|Any CPU.ActiveCfg = Debug|Any CPU
		{89129013-3B66-41DC-B2D2-8F2D5C03E96C}.Debug|Any CPU.Build.0 = Debug|Any CPU
		{89129013-3B66-41DC-B2D2-8F2D5C03E96C}.Debug|x64.ActiveCfg = Debug|Any CPU
		{89129013-3B66-41DC-B2D2-8F2D5C03E96C}.Debug|x64.Build.0 = Debug|Any CPU
		{89129013-3B66-41DC-B2D2-8F2D5C03E96C}.Debug|x86.ActiveCfg = Debug|Any CPU
		{89129013-3B66-41DC-B2D2-8F2D5C03E96C}.Debug|x86.Build.0 = Debug|Any CPU
		{89129013-3B66-41DC-B2D2-8F2D5C03E96C}.Release|Any CPU.ActiveCfg = Release|Any CPU
		{89129013-3B66-41DC-B2D2-8F2D5C03E96C}.Release|Any CPU.Build.0 = Release|Any CPU
		{89129013-3B66-41DC-B2D2-8F2D5C03E96C}.Release|x64.ActiveCfg = Release|Any CPU
		{89129013-3B66-41DC-B2D2-8F2D5C03E96C}.Release|x64.Build.0 = Release|Any CPU
		{89129013-3B66-41DC-B2D2-8F2D5C03E96C}.Release|x86.ActiveCfg = Release|Any CPU
		{89129013-3B66-41DC-B2D2-8F2D5C03E96C}.Release|x86.Build.0 = Release|Any CPU
		{2BADD136-4E06-45FE-9857-46487FDEB601}.Debug|Any CPU.ActiveCfg = Debug|Any CPU
		{2BADD136-4E06-45FE-9857-46487FDEB601}.Debug|Any CPU.Build.0 = Debug|Any CPU
		{2BADD136-4E06-45FE-9857-46487FDEB601}.Debug|x64.ActiveCfg = Debug|Any CPU
		{2BADD136-4E06-45FE-9857-46487FDEB601}.Debug|x64.Build.0 = Debug|Any CPU
		{2BADD136-4E06-45FE-9857-46487FDEB601}.Debug|x86.ActiveCfg = Debug|Any CPU
		{2BADD136-4E06-45FE-9857-46487FDEB601}.Debug|x86.Build.0 = Debug|Any CPU
		{2BADD136-4E06-45FE-9857-46487FDEB601}.Release|Any CPU.ActiveCfg = Release|Any CPU
		{2BADD136-4E06-45FE-9857-46487FDEB601}.Release|Any CPU.Build.0 = Release|Any CPU
		{2BADD136-4E06-45FE-9857-46487FDEB601}.Release|x64.ActiveCfg = Release|Any CPU
		{2BADD136-4E06-45FE-9857-46487FDEB601}.Release|x64.Build.0 = Release|Any CPU
		{2BADD136-4E06-45FE-9857-46487FDEB601}.Release|x86.ActiveCfg = Release|Any CPU
		{2BADD136-4E06-45FE-9857-46487FDEB601}.Release|x86.Build.0 = Release|Any CPU
	EndGlobalSection
	GlobalSection(SolutionProperties) = preSolution
		HideSolutionNode = FALSE
	EndGlobalSection
EndGlobal
