
Microsoft Visual Studio Solution File, Format Version 12.00
# Visual Studio Version 17
VisualStudioVersion = 17.0.31903.59
MinimumVisualStudioVersion = 10.0.40219.1
Project("{FAE04EC0-301F-11D3-BF4B-00C04F79EFBC}") = "task04", "task04\task04.csproj", "{DEDEEDB7-C4B0-4C63-9074-3DCB6806946D}"
EndProject
Project("{FAE04EC0-301F-11D3-BF4B-00C04F79EFBC}") = "task04tests", "task04tests\task04tests.csproj", "{B207F0BA-7F5E-4419-83B7-7247CC8F224A}"
EndProject
Global
	GlobalSection(SolutionConfigurationPlatforms) = preSolution
		Debug|Any CPU = Debug|Any CPU
		Debug|x64 = Debug|x64
		Debug|x86 = Debug|x86
		Release|Any CPU = Release|Any CPU
		Release|x64 = Release|x64
		Release|x86 = Release|x86
	EndGlobalSection
	GlobalSection(ProjectConfigurationPlatforms) = postSolution
		{DEDEEDB7-C4B0-4C63-9074-3DCB6806946D}.Debug|Any CPU.ActiveCfg = Debug|Any CPU
		{DEDEEDB7-C4B0-4C63-9074-3DCB6806946D}.Debug|Any CPU.Build.0 = Debug|Any CPU
		{DEDEEDB7-C4B0-4C63-9074-3DCB6806946D}.Debug|x64.ActiveCfg = Debug|Any CPU
		{DEDEEDB7-C4B0-4C63-9074-3DCB6806946D}.Debug|x64.Build.0 = Debug|Any CPU
		{DEDEEDB7-C4B0-4C63-9074-3DCB6806946D}.Debug|x86.ActiveCfg = Debug|Any CPU
		{DEDEEDB7-C4B0-4C63-9074-3DCB6806946D}.Debug|x86.Build.0 = Debug|Any CPU
		{DEDEEDB7-C4B0-4C63-9074-3DCB6806946D}.Release|Any CPU.ActiveCfg = Release|Any CPU
		{DEDEEDB7-C4B0-4C63-9074-3DCB6806946D}.Release|Any CPU.Build.0 = Release|Any CPU
		{DEDEEDB7-C4B0-4C63-9074-3DCB6806946D}.Release|x64.ActiveCfg = Release|Any CPU
		{DEDEEDB7-C4B0-4C63-9074-3DCB6806946D}.Release|x64.Build.0 = Release|Any CPU
		{DEDEEDB7-C4B0-4C63-9074-3DCB6806946D}.Release|x86.ActiveCfg = Release|Any CPU
		{DEDEEDB7-C4B0-4C63-9074-3DCB6806946D}.Release|x86.Build.0 = Release|Any CPU
		{B207F0BA-7F5E-4419-83B7-7247CC8F224A}.Debug|Any CPU.ActiveCfg = Debug|Any CPU
		{B207F0BA-7F5E-4419-83B7-7247CC8F224A}.Debug|Any CPU.Build.0 = Debug|Any CPU
		{B207F0BA-7F5E-4419-83B7-7247CC8F224A}.Debug|x64.ActiveCfg = Debug|Any CPU
		{B207F0BA-7F5E-4419-83B7-7247CC8F224A}.Debug|x64.Build.0 = Debug|Any CPU
		{B207F0BA-7F5E-4419-83B7-7247CC8F224A}.Debug|x86.ActiveCfg = Debug|Any CPU
		{B207F0BA-7F5E-4419-83B7-7247CC8F224A}.Debug|x86.Build.0 = Debug|Any CPU
		{B207F0BA-7F5E-4419-83B7-7247CC8F224A}.Release|Any CPU.ActiveCfg = Release|Any CPU
		{B207F0BA-7F5E-4419-83B7-7247CC8F224A}.Release|Any CPU.Build.0 = Release|Any CPU
		{B207F0BA-7F5E-4419-83B7-7247CC8F224A}.Release|x64.ActiveCfg = Release|Any CPU
		{B207F0BA-7F5E-4419-83B7-7247CC8F224A}.Release|x64.Build.0 = Release|Any CPU
		{B207F0BA-7F5E-4419-83B7-7247CC8F224A}.Release|x86.ActiveCfg = Release|Any CPU
		{B207F0BA-7F5E-4419-83B7-7247CC8F224A}.Release|x86.Build.0 = Release|Any CPU
	EndGlobalSection
	GlobalSection(SolutionProperties) = preSolution
		HideSolutionNode = FALSE
	EndGlobalSection
EndGlobal
