
Microsoft Visual Studio Solution File, Format Version 12.00
# Visual Studio Version 17
VisualStudioVersion = 17.0.31903.59
MinimumVisualStudioVersion = 10.0.40219.1
Project("{FAE04EC0-301F-11D3-BF4B-00C04F79EFBC}") = "task17", "task17\task17.csproj", "{A795BEC9-622B-48B0-8B8A-9EC4AFF4674F}"
EndProject
Project("{FAE04EC0-301F-11D3-BF4B-00C04F79EFBC}") = "task17tests", "task17tests\task17tests.csproj", "{EE92FF4B-9575-41F0-A3B9-C7174D7F499B}"
EndProject
Global
	GlobalSection(SolutionConfigurationPlatforms) = preSolution
		Debug|Any CPU = Debug|Any CPU
		Debug|x64 = Debug|x64
		Debug|x86 = Debug|x86
		Release|Any CPU = Release|Any CPU
		Release|x64 = Release|x64
		Release|x86 = Release|x86
	EndGlobalSection
	GlobalSection(ProjectConfigurationPlatforms) = postSolution
		{A795BEC9-622B-48B0-8B8A-9EC4AFF4674F}.Debug|Any CPU.ActiveCfg = Debug|Any CPU
		{A795BEC9-622B-48B0-8B8A-9EC4AFF4674F}.Debug|Any CPU.Build.0 = Debug|Any CPU
		{A795BEC9-622B-48B0-8B8A-9EC4AFF4674F}.Debug|x64.ActiveCfg = Debug|Any CPU
		{A795BEC9-622B-48B0-8B8A-9EC4AFF4674F}.Debug|x64.Build.0 = Debug|Any CPU
		{A795BEC9-622B-48B0-8B8A-9EC4AFF4674F}.Debug|x86.ActiveCfg = Debug|Any CPU
		{A795BEC9-622B-48B0-8B8A-9EC4AFF4674F}.Debug|x86.Build.0 = Debug|Any CPU
		{A795BEC9-622B-48B0-8B8A-9EC4AFF4674F}.Release|Any CPU.ActiveCfg = Release|Any CPU
		{A795BEC9-622B-48B0-8B8A-9EC4AFF4674F}.Release|Any CPU.Build.0 = Release|Any CPU
		{A795BEC9-622B-48B0-8B8A-9EC4AFF4674F}.Release|x64.ActiveCfg = Release|Any CPU
		{A795BEC9-622B-48B0-8B8A-9EC4AFF4674F}.Release|x64.Build.0 = Release|Any CPU
		{A795BEC9-622B-48B0-8B8A-9EC4AFF4674F}.Release|x86.ActiveCfg = Release|Any CPU
		{A795BEC9-622B-48B0-8B8A-9EC4AFF4674F}.Release|x86.Build.0 = Release|Any CPU
		{EE92FF4B-9575-41F0-A3B9-C7174D7F499B}.Debug|Any CPU.ActiveCfg = Debug|Any CPU
		{EE92FF4B-9575-41F0-A3B9-C7174D7F499B}.Debug|Any CPU.Build.0 = Debug|Any CPU
		{EE92FF4B-9575-41F0-A3B9-C7174D7F499B}.Debug|x64.ActiveCfg = Debug|Any CPU
		{EE92FF4B-9575-41F0-A3B9-C7174D7F499B}.Debug|x64.Build.0 = Debug|Any CPU
		{EE92FF4B-9575-41F0-A3B9-C7174D7F499B}.Debug|x86.ActiveCfg = Debug|Any CPU
		{EE92FF4B-9575-41F0-A3B9-C7174D7F499B}.Debug|x86.Build.0 = Debug|Any CPU
		{EE92FF4B-9575-41F0-A3B9-C7174D7F499B}.Release|Any CPU.ActiveCfg = Release|Any CPU
		{EE92FF4B-9575-41F0-A3B9-C7174D7F499B}.Release|Any CPU.Build.0 = Release|Any CPU
		{EE92FF4B-9575-41F0-A3B9-C7174D7F499B}.Release|x64.ActiveCfg = Release|Any CPU
		{EE92FF4B-9575-41F0-A3B9-C7174D7F499B}.Release|x64.Build.0 = Release|Any CPU
		{EE92FF4B-9575-41F0-A3B9-C7174D7F499B}.Release|x86.ActiveCfg = Release|Any CPU
		{EE92FF4B-9575-41F0-A3B9-C7174D7F499B}.Release|x86.Build.0 = Release|Any CPU
	EndGlobalSection
	GlobalSection(SolutionProperties) = preSolution
		HideSolutionNode = FALSE
	EndGlobalSection
EndGlobal
